
Microsoft Visual Studio Solution File, Format Version 12.00
# Visual Studio Version 17
VisualStudioVersion = 17.14.36429.23 d17.14
MinimumVisualStudioVersion = 10.0.40219.1
Project("{FAE04EC0-301F-11D3-BF4B-00C04F79EFBC}") = "Proyecto_T3_GRUPOTERRONCITOS", "Proyecto_T3_GRUPOTERRONCITOS.csproj", "{744C3554-1274-4227-8BB5-83AA29A1D487}"
EndProject
Global
	GlobalSection(SolutionConfigurationPlatforms) = preSolution
		Debug|Any CPU = Debug|Any CPU
		Release|Any CPU = Release|Any CPU
	EndGlobalSection
	GlobalSection(ProjectConfigurationPlatforms) = postSolution
		{744C3554-1274-4227-8BB5-83AA29A1D487}.Debug|Any CPU.ActiveCfg = Debug|Any CPU
		{744C3554-1274-4227-8BB5-83AA29A1D487}.Debug|Any CPU.Build.0 = Debug|Any CPU
		{744C3554-1274-4227-8BB5-83AA29A1D487}.Release|Any CPU.ActiveCfg = Release|Any CPU
		{744C3554-1274-4227-8BB5-83AA29A1D487}.Release|Any CPU.Build.0 = Release|Any CPU
	EndGlobalSection
	GlobalSection(SolutionProperties) = preSolution
		HideSolutionNode = FALSE
	EndGlobalSection
	GlobalSection(ExtensibilityGlobals) = postSolution
		SolutionGuid = {CF5ED290-B617-4C35-8E50-5EBAA408A54B}
	EndGlobalSection
EndGlobal
